// !$*UTF8*$!
{
	archiveVersion = 1;
	classes = {
	};
	objectVersion = 50;
	objects = {

/* Begin PBXBuildFile section */
		555BE8052333D65D00E44877 /* main.swift in Sources */ = {isa = PBXBuildFile; fileRef = 555BE8042333D65D00E44877 /* main.swift */; };
		555BE80D2333D6A300E44877 /* SimpleLexer.swift in Sources */ = {isa = PBXBuildFile; fileRef = 555BE80B2333D6A300E44877 /* SimpleLexer.swift */; };
		555BE80E2333D6A300E44877 /* Token.swift in Sources */ = {isa = PBXBuildFile; fileRef = 555BE80C2333D6A300E44877 /* Token.swift */; };
		555BE8102333DB5500E44877 /* SimpleParser.swift in Sources */ = {isa = PBXBuildFile; fileRef = 555BE80F2333DB5500E44877 /* SimpleParser.swift */; };
		555BE8122337061D00E44877 /* ASTNode.swift in Sources */ = {isa = PBXBuildFile; fileRef = 555BE8112337061D00E44877 /* ASTNode.swift */; };
/* End PBXBuildFile section */

/* Begin PBXCopyFilesBuildPhase section */
		555BE7FF2333D65D00E44877 /* CopyFiles */ = {
			isa = PBXCopyFilesBuildPhase;
			buildActionMask = 2147483647;
			dstPath = /usr/share/man/man1/;
			dstSubfolderSpec = 0;
			files = (
			);
			runOnlyForDeploymentPostprocessing = 1;
		};
/* End PBXCopyFilesBuildPhase section */

/* Begin PBXFileReference section */
		555BE8012333D65D00E44877 /* SimpleScript */ = {isa = PBXFileReference; explicitFileType = "compiled.mach-o.executable"; includeInIndex = 0; path = SimpleScript; sourceTree = BUILT_PRODUCTS_DIR; };
		555BE8042333D65D00E44877 /* main.swift */ = {isa = PBXFileReference; lastKnownFileType = sourcecode.swift; path = main.swift; sourceTree = "<group>"; };
		555BE80B2333D6A300E44877 /* SimpleLexer.swift */ = {isa = PBXFileReference; fileEncoding = 4; lastKnownFileType = sourcecode.swift; path = SimpleLexer.swift; sourceTree = "<group>"; };
		555BE80C2333D6A300E44877 /* Token.swift */ = {isa = PBXFileReference; fileEncoding = 4; lastKnownFileType = sourcecode.swift; path = Token.swift; sourceTree = "<group>"; };
		555BE80F2333DB5500E44877 /* SimpleParser.swift */ = {isa = PBXFileReference; lastKnownFileType = sourcecode.swift; path = SimpleParser.swift; sourceTree = "<group>"; };
		555BE8112337061D00E44877 /* ASTNode.swift */ = {isa = PBXFileReference; lastKnownFileType = sourcecode.swift; path = ASTNode.swift; sourceTree = "<group>"; };
/* End PBXFileReference section */

/* Begin PBXFrameworksBuildPhase section */
		555BE7FE2333D65D00E44877 /* Frameworks */ = {
			isa = PBXFrameworksBuildPhase;
			buildActionMask = 2147483647;
			files = (
			);
			runOnlyForDeploymentPostprocessing = 0;
		};
/* End PBXFrameworksBuildPhase section */

/* Begin PBXGroup section */
		555BE7F82333D65D00E44877 = {
			isa = PBXGroup;
			children = (
				555BE8032333D65D00E44877 /* SimpleScript */,
				555BE8022333D65D00E44877 /* Products */,
			);
			sourceTree = "<group>";
		};
		555BE8022333D65D00E44877 /* Products */ = {
			isa = PBXGroup;
			children = (
				555BE8012333D65D00E44877 /* SimpleScript */,
			);
			name = Products;
			sourceTree = "<group>";
		};
		555BE8032333D65D00E44877 /* SimpleScript */ = {
			isa = PBXGroup;
			children = (
				555BE8042333D65D00E44877 /* main.swift */,
				555BE80C2333D6A300E44877 /* Token.swift */,
				555BE8112337061D00E44877 /* ASTNode.swift */,
				555BE80B2333D6A300E44877 /* SimpleLexer.swift */,
				555BE80F2333DB5500E44877 /* SimpleParser.swift */,
			);
			path = SimpleScript;
			sourceTree = "<group>";
		};
/* End PBXGroup section */

/* Begin PBXNativeTarget section */
		555BE8002333D65D00E44877 /* SimpleScript */ = {
			isa = PBXNativeTarget;
			buildConfigurationList = 555BE8082333D65D00E44877 /* Build configuration list for PBXNativeTarget "SimpleScript" */;
			buildPhases = (
				555BE7FD2333D65D00E44877 /* Sources */,
				555BE7FE2333D65D00E44877 /* Frameworks */,
				555BE7FF2333D65D00E44877 /* CopyFiles */,
			);
			buildRules = (
			);
			dependencies = (
			);
			name = SimpleScript;
			productName = SimpleScript;
			productReference = 555BE8012333D65D00E44877 /* SimpleScript */;
			productType = "com.apple.product-type.tool";
		};
/* End PBXNativeTarget section */

/* Begin PBXProject section */
		555BE7F92333D65D00E44877 /* Project object */ = {
			isa = PBXProject;
			attributes = {
				LastSwiftUpdateCheck = 1020;
				LastUpgradeCheck = 1020;
				ORGANIZATIONNAME = CrimsonHo;
				TargetAttributes = {
					555BE8002333D65D00E44877 = {
						CreatedOnToolsVersion = 10.2;
					};
				};
			};
			buildConfigurationList = 555BE7FC2333D65D00E44877 /* Build configuration list for PBXProject "SimpleScript" */;
			compatibilityVersion = "Xcode 9.3";
			developmentRegion = en;
			hasScannedForEncodings = 0;
			knownRegions = (
				en,
			);
			mainGroup = 555BE7F82333D65D00E44877;
			productRefGroup = 555BE8022333D65D00E44877 /* Products */;
			projectDirPath = "";
			projectRoot = "";
			targets = (
				555BE8002333D65D00E44877 /* SimpleScript */,
			);
		};
/* End PBXProject section */

/* Begin PBXSourcesBuildPhase section */
		555BE7FD2333D65D00E44877 /* Sources */ = {
			isa = PBXSourcesBuildPhase;
			buildActionMask = 2147483647;
			files = (
				555BE8102333DB5500E44877 /* SimpleParser.swift in Sources */,
				555BE80E2333D6A300E44877 /* Token.swift in Sources */,
				555BE80D2333D6A300E44877 /* SimpleLexer.swift in Sources */,
				555BE8052333D65D00E44877 /* main.swift in Sources */,
				555BE8122337061D00E44877 /* ASTNode.swift in Sources */,
			);
			runOnlyForDeploymentPostprocessing = 0;
		};
/* End PBXSourcesBuildPhase section */

/* Begin XCBuildConfiguration section */
		555BE8062333D65D00E44877 /* Debug */ = {
			isa = XCBuildConfiguration;
			buildSettings = {
				ALWAYS_SEARCH_USER_PATHS = NO;
				CLANG_ANALYZER_NONNULL = YES;
				CLANG_ANALYZER_NUMBER_OBJECT_CONVERSION = YES_AGGRESSIVE;
				CLANG_CXX_LANGUAGE_STANDARD = "gnu++14";
				CLANG_CXX_LIBRARY = "libc++";
				CLANG_ENABLE_MODULES = YES;
				CLANG_ENABLE_OBJC_ARC = YES;
				CLANG_ENABLE_OBJC_WEAK = YES;
				CLANG_WARN_BLOCK_CAPTURE_AUTORELEASING = YES;
				CLANG_WARN_BOOL_CONVERSION = YES;
				CLANG_WARN_COMMA = YES;
				CLANG_WARN_CONSTANT_CONVERSION = YES;
				CLANG_WARN_DEPRECATED_OBJC_IMPLEMENTATIONS = YES;
				CLANG_WARN_DIRECT_OBJC_ISA_USAGE = YES_ERROR;
				CLANG_WARN_DOCUMENTATION_COMMENTS = YES;
				CLANG_WARN_EMPTY_BODY = YES;
				CLANG_WARN_ENUM_CONVERSION = YES;
				CLANG_WARN_INFINITE_RECURSION = YES;
				CLANG_WARN_INT_CONVERSION = YES;
				CLANG_WARN_NON_LITERAL_NULL_CONVERSION = YES;
				CLANG_WARN_OBJC_IMPLICIT_RETAIN_SELF = YES;
				CLANG_WARN_OBJC_LITERAL_CONVERSION = YES;
				CLANG_WARN_OBJC_ROOT_CLASS = YES_ERROR;
				CLANG_WARN_RANGE_LOOP_ANALYSIS = YES;
				CLANG_WARN_STRICT_PROTOTYPES = YES;
				CLANG_WARN_SUSPICIOUS_MOVE = YES;
				CLANG_WARN_UNGUARDED_AVAILABILITY = YES_AGGRESSIVE;
				CLANG_WARN_UNREACHABLE_CODE = YES;
				CLANG_WARN__DUPLICATE_METHOD_MATCH = YES;
				CODE_SIGN_IDENTITY = "Mac Developer";
				COPY_PHASE_STRIP = NO;
				DEBUG_INFORMATION_FORMAT = dwarf;
				ENABLE_STRICT_OBJC_MSGSEND = YES;
				ENABLE_TESTABILITY = YES;
				GCC_C_LANGUAGE_STANDARD = gnu11;
				GCC_DYNAMIC_NO_PIC = NO;
				GCC_NO_COMMON_BLOCKS = YES;
				GCC_OPTIMIZATION_LEVEL = 0;
				GCC_PREPROCESSOR_DEFINITIONS = (
					"DEBUG=1",
					"$(inherited)",
				);
				GCC_WARN_64_TO_32_BIT_CONVERSION = YES;
				GCC_WARN_ABOUT_RETURN_TYPE = YES_ERROR;
				GCC_WARN_UNDECLARED_SELECTOR = YES;
				GCC_WARN_UNINITIALIZED_AUTOS = YES_AGGRESSIVE;
				GCC_WARN_UNUSED_FUNCTION = YES;
				GCC_WARN_UNUSED_VARIABLE = YES;
				MACOSX_DEPLOYMENT_TARGET = 10.14;
				MTL_ENABLE_DEBUG_INFO = INCLUDE_SOURCE;
				MTL_FAST_MATH = YES;
				ONLY_ACTIVE_ARCH = YES;
				SDKROOT = macosx;
				SWIFT_ACTIVE_COMPILATION_CONDITIONS = DEBUG;
				SWIFT_OPTIMIZATION_LEVEL = "-Onone";
			};
			name = Debug;
		};
		555BE8072333D65D00E44877 /* Release */ = {
			isa = XCBuildConfiguration;
			buildSettings = {
				ALWAYS_SEARCH_USER_PATHS = NO;
				CLANG_ANALYZER_NONNULL = YES;
				CLANG_ANALYZER_NUMBER_OBJECT_CONVERSION = YES_AGGRESSIVE;
				CLANG_CXX_LANGUAGE_STANDARD = "gnu++14";
				CLANG_CXX_LIBRARY = "libc++";
				CLANG_ENABLE_MODULES = YES;
				CLANG_ENABLE_OBJC_ARC = YES;
				CLANG_ENABLE_OBJC_WEAK = YES;
				CLANG_WARN_BLOCK_CAPTURE_AUTORELEASING = YES;
				CLANG_WARN_BOOL_CONVERSION = YES;
				CLANG_WARN_COMMA = YES;
				CLANG_WARN_CONSTANT_CONVERSION = YES;
				CLANG_WARN_DEPRECATED_OBJC_IMPLEMENTATIONS = YES;
				CLANG_WARN_DIRECT_OBJC_ISA_USAGE = YES_ERROR;
				CLANG_WARN_DOCUMENTATION_COMMENTS = YES;
				CLANG_WARN_EMPTY_BODY = YES;
				CLANG_WARN_ENUM_CONVERSION = YES;
				CLANG_WARN_INFINITE_RECURSION = YES;
				CLANG_WARN_INT_CONVERSION = YES;
				CLANG_WARN_NON_LITERAL_NULL_CONVERSION = YES;
				CLANG_WARN_OBJC_IMPLICIT_RETAIN_SELF = YES;
				CLANG_WARN_OBJC_LITERAL_CONVERSION = YES;
				CLANG_WARN_OBJC_ROOT_CLASS = YES_ERROR;
				CLANG_WARN_RANGE_LOOP_ANALYSIS = YES;
				CLANG_WARN_STRICT_PROTOTYPES = YES;
				CLANG_WARN_SUSPICIOUS_MOVE = YES;
				CLANG_WARN_UNGUARDED_AVAILABILITY = YES_AGGRESSIVE;
				CLANG_WARN_UNREACHABLE_CODE = YES;
				CLANG_WARN__DUPLICATE_METHOD_MATCH = YES;
				CODE_SIGN_IDENTITY = "Mac Developer";
				COPY_PHASE_STRIP = NO;
				DEBUG_INFORMATION_FORMAT = "dwarf-with-dsym";
				ENABLE_NS_ASSERTIONS = NO;
				ENABLE_STRICT_OBJC_MSGSEND = YES;
				GCC_C_LANGUAGE_STANDARD = gnu11;
				GCC_NO_COMMON_BLOCKS = YES;
				GCC_WARN_64_TO_32_BIT_CONVERSION = YES;
				GCC_WARN_ABOUT_RETURN_TYPE = YES_ERROR;
				GCC_WARN_UNDECLARED_SELECTOR = YES;
				GCC_WARN_UNINITIALIZED_AUTOS = YES_AGGRESSIVE;
				GCC_WARN_UNUSED_FUNCTION = YES;
				GCC_WARN_UNUSED_VARIABLE = YES;
				MACOSX_DEPLOYMENT_TARGET = 10.14;
				MTL_ENABLE_DEBUG_INFO = NO;
				MTL_FAST_MATH = YES;
				SDKROOT = macosx;
				SWIFT_COMPILATION_MODE = wholemodule;
				SWIFT_OPTIMIZATION_LEVEL = "-O";
			};
			name = Release;
		};
		555BE8092333D65D00E44877 /* Debug */ = {
			isa = XCBuildConfiguration;
			buildSettings = {
				CODE_SIGN_STYLE = Automatic;
				DEVELOPMENT_TEAM = 73RA2BRJSV;
				PRODUCT_NAME = "$(TARGET_NAME)";
				SWIFT_VERSION = 5.0;
			};
			name = Debug;
		};
		555BE80A2333D65D00E44877 /* Release */ = {
			isa = XCBuildConfiguration;
			buildSettings = {
				CODE_SIGN_STYLE = Automatic;
				DEVELOPMENT_TEAM = 73RA2BRJSV;
				PRODUCT_NAME = "$(TARGET_NAME)";
				SWIFT_VERSION = 5.0;
			};
			name = Release;
		};
/* End XCBuildConfiguration section */

/* Begin XCConfigurationList section */
		555BE7FC2333D65D00E44877 /* Build configuration list for PBXProject "SimpleScript" */ = {
			isa = XCConfigurationList;
			buildConfigurations = (
				555BE8062333D65D00E44877 /* Debug */,
				555BE8072333D65D00E44877 /* Release */,
			);
			defaultConfigurationIsVisible = 0;
			defaultConfigurationName = Release;
		};
		555BE8082333D65D00E44877 /* Build configuration list for PBXNativeTarget "SimpleScript" */ = {
			isa = XCConfigurationList;
			buildConfigurations = (
				555BE8092333D65D00E44877 /* Debug */,
				555BE80A2333D65D00E44877 /* Release */,
			);
			defaultConfigurationIsVisible = 0;
			defaultConfigurationName = Release;
		};
/* End XCConfigurationList section */
	};
	rootObject = 555BE7F92333D65D00E44877 /* Project object */;
}
